
Microsoft Visual Studio Solution File, Format Version 12.00
# Visual Studio Version 17
VisualStudioVersion = 17.13.35931.197 d17.13
MinimumVisualStudioVersion = 10.0.40219.1
Project("{FAE04EC0-301F-11D3-BF4B-00C04F79EFBC}") = "ImpactTestDemo", "ImpactTestDemo\ImpactTestDemo.csproj", "{D099217B-0D8B-4BAD-9450-DA192D83CB73}"
EndProject
Global
	GlobalSection(SolutionConfigurationPlatforms) = preSolution
		Debug|Any CPU = Debug|Any CPU
		Release|Any CPU = Release|Any CPU
	EndGlobalSection
	GlobalSection(ProjectConfigurationPlatforms) = postSolution
		{D099217B-0D8B-4BAD-9450-DA192D83CB73}.Debug|Any CPU.ActiveCfg = Debug|Any CPU
		{D099217B-0D8B-4BAD-9450-DA192D83CB73}.Debug|Any CPU.Build.0 = Debug|Any CPU
		{D099217B-0D8B-4BAD-9450-DA192D83CB73}.Release|Any CPU.ActiveCfg = Release|Any CPU
		{D099217B-0D8B-4BAD-9450-DA192D83CB73}.Release|Any CPU.Build.0 = Release|Any CPU
	EndGlobalSection
	GlobalSection(SolutionProperties) = preSolution
		HideSolutionNode = FALSE
	EndGlobalSection
	GlobalSection(ExtensibilityGlobals) = postSolution
		SolutionGuid = {0D5908F5-A03C-4117-85C9-117D0605CD61}
	EndGlobalSection
EndGlobal
